
Microsoft Visual Studio Solution File, Format Version 12.00
# Visual Studio Version 17
VisualStudioVersion = 17.14.36109.1 d17.14
MinimumVisualStudioVersion = 10.0.40219.1
Project("{FAE04EC0-301F-11D3-BF4B-00C04F79EFBC}") = "svn_viewer_loader", "svn_viewer_loader.csproj", "{3516E1C1-610D-692E-B085-F4720AB0EFF8}"
EndProject
Global
	GlobalSection(SolutionConfigurationPlatforms) = preSolution
		Debug|Any CPU = Debug|Any CPU
		Release|Any CPU = Release|Any CPU
	EndGlobalSection
	GlobalSection(ProjectConfigurationPlatforms) = postSolution
		{3516E1C1-610D-692E-B085-F4720AB0EFF8}.Debug|Any CPU.ActiveCfg = Debug|Any CPU
		{3516E1C1-610D-692E-B085-F4720AB0EFF8}.Debug|Any CPU.Build.0 = Debug|Any CPU
		{3516E1C1-610D-692E-B085-F4720AB0EFF8}.Release|Any CPU.ActiveCfg = Release|Any CPU
		{3516E1C1-610D-692E-B085-F4720AB0EFF8}.Release|Any CPU.Build.0 = Release|Any CPU
	EndGlobalSection
	GlobalSection(SolutionProperties) = preSolution
		HideSolutionNode = FALSE
	EndGlobalSection
	GlobalSection(ExtensibilityGlobals) = postSolution
		SolutionGuid = {ED53C495-11BC-4EEF-9D78-691CFB23AD5D}
	EndGlobalSection
EndGlobal
